
Microsoft Visual Studio Solution File, Format Version 12.00
# Visual Studio 15
VisualStudioVersion = 15.0.27428.2043
MinimumVisualStudioVersion = 10.0.40219.1
Project("{FAE04EC0-301F-11D3-BF4B-00C04F79EFBC}") = "CadastroLivros", "CadastroLivros\CadastroLivros.csproj", "{6A2EEA56-A0E3-47E4-9116-62874B70A115}"
EndProject
Global
	GlobalSection(SolutionConfigurationPlatforms) = preSolution
		Debug|Any CPU = Debug|Any CPU
		Release|Any CPU = Release|Any CPU
	EndGlobalSection
	GlobalSection(ProjectConfigurationPlatforms) = postSolution
		{6A2EEA56-A0E3-47E4-9116-62874B70A115}.Debug|Any CPU.ActiveCfg = Debug|Any CPU
		{6A2EEA56-A0E3-47E4-9116-62874B70A115}.Debug|Any CPU.Build.0 = Debug|Any CPU
		{6A2EEA56-A0E3-47E4-9116-62874B70A115}.Release|Any CPU.ActiveCfg = Release|Any CPU
		{6A2EEA56-A0E3-47E4-9116-62874B70A115}.Release|Any CPU.Build.0 = Release|Any CPU
	EndGlobalSection
	GlobalSection(SolutionProperties) = preSolution
		HideSolutionNode = FALSE
	EndGlobalSection
	GlobalSection(ExtensibilityGlobals) = postSolution
		SolutionGuid = {F5010ED6-40B6-4CF3-B293-61E35180BA19}
	EndGlobalSection
EndGlobal
